
Microsoft Visual Studio Solution File, Format Version 12.00
# Visual Studio Version 17
VisualStudioVersion = 17.7.34221.43
MinimumVisualStudioVersion = 10.0.40219.1
Project("{FAE04EC0-301F-11D3-BF4B-00C04F79EFBC}") = "Helpdesk", "Helpdesk\Helpdesk.csproj", "{2E8DA36C-FB2B-4DAE-9F57-EB274895361B}"
EndProject
Global
	GlobalSection(SolutionConfigurationPlatforms) = preSolution
		Debug|Any CPU = Debug|Any CPU
		Release|Any CPU = Release|Any CPU
	EndGlobalSection
	GlobalSection(ProjectConfigurationPlatforms) = postSolution
		{2E8DA36C-FB2B-4DAE-9F57-EB274895361B}.Debug|Any CPU.ActiveCfg = Debug|Any CPU
		{2E8DA36C-FB2B-4DAE-9F57-EB274895361B}.Debug|Any CPU.Build.0 = Debug|Any CPU
		{2E8DA36C-FB2B-4DAE-9F57-EB274895361B}.Release|Any CPU.ActiveCfg = Release|Any CPU
		{2E8DA36C-FB2B-4DAE-9F57-EB274895361B}.Release|Any CPU.Build.0 = Release|Any CPU
	EndGlobalSection
	GlobalSection(SolutionProperties) = preSolution
		HideSolutionNode = FALSE
	EndGlobalSection
	GlobalSection(ExtensibilityGlobals) = postSolution
		SolutionGuid = {5CE549C2-A33A-4226-9089-7C206390D51E}
	EndGlobalSection
EndGlobal
